Microsoft Visual Studio Solution File, Format Version 12.00
# Visual Studio 2013
Project("{8BC9CEB8-8B4A-11D0-8D11-00A0C91BC942}") = "engine", "engine.vcxproj", "{FBDB78FB-E77D-A3D1-D038-B725BC792A22}"
EndProject
Project("{2150E333-8FDC-42A3-9474-1A3956D46DE8}") = "render", "render", "{E5CF2C19-D171-57EF-BA2C-6B43A66DDE3F}"
EndProject
Project("{8BC9CEB8-8B4A-11D0-8D11-00A0C91BC942}") = "plugin_d3d11", "plugin_d3d11.vcxproj", "{709A6D9C-5CFD-FC40-0583-35F7F1C4C8C3}"
	ProjectSection(ProjectDependencies) = postProject
		{FBDB78FB-E77D-A3D1-D038-B725BC792A22} = {FBDB78FB-E77D-A3D1-D038-B725BC792A22}
	EndProjectSection
EndProject
Project("{8BC9CEB8-8B4A-11D0-8D11-00A0C91BC942}") = "plugin_d3d12", "plugin_d3d12.vcxproj", "{719A6D9C-5DFD-FC40-0683-35F7F2C4C8C3}"
	ProjectSection(ProjectDependencies) = postProject
		{FBDB78FB-E77D-A3D1-D038-B725BC792A22} = {FBDB78FB-E77D-A3D1-D038-B725BC792A22}
	EndProjectSection
EndProject
Project("{8BC9CEB8-8B4A-11D0-8D11-00A0C91BC942}") = "plugin_ogl", "plugin_ogl.vcxproj", "{F5F57B0E-E1AD-BD5B-4AB5-96B7368C584C}"
	ProjectSection(ProjectDependencies) = postProject
		{FBDB78FB-E77D-A3D1-D038-B725BC792A22} = {FBDB78FB-E77D-A3D1-D038-B725BC792A22}
	EndProjectSection
EndProject
Project("{8BC9CEB8-8B4A-11D0-8D11-00A0C91BC942}") = "plugin_vulkan", "plugin_vulkan.vcxproj", "{6475CD58-D035-498F-9970-920C05F08D6B}"
	ProjectSection(ProjectDependencies) = postProject
		{FBDB78FB-E77D-A3D1-D038-B725BC792A22} = {FBDB78FB-E77D-A3D1-D038-B725BC792A22}
	EndProjectSection
EndProject
Project("{2150E333-8FDC-42A3-9474-1A3956D46DE8}") = "test", "test", "{65689E7C-519F-9F0D-FA8B-8510E6A11B0F}"
EndProject
Project("{8BC9CEB8-8B4A-11D0-8D11-00A0C91BC942}") = "test_cpp", "test_cpp.vcxproj", "{E7DEEBFC-D3AB-4608-FCC4-34B0E8F07B96}"
EndProject
Project("{8BC9CEB8-8B4A-11D0-8D11-00A0C91BC942}") = "test_engine", "test_engine.vcxproj", "{9AC7C8D7-067D-41CD-8F71-3BA4FB2538D1}"
	ProjectSection(ProjectDependencies) = postProject
		{FBDB78FB-E77D-A3D1-D038-B725BC792A22} = {FBDB78FB-E77D-A3D1-D038-B725BC792A22}
	EndProjectSection
EndProject
Project("{8BC9CEB8-8B4A-11D0-8D11-00A0C91BC942}") = "tnet_client", "tnet_client.vcxproj", "{3E398C98-AAEE-048E-33E3-FE649F97FB91}"
	ProjectSection(ProjectDependencies) = postProject
		{FBDB78FB-E77D-A3D1-D038-B725BC792A22} = {FBDB78FB-E77D-A3D1-D038-B725BC792A22}
	EndProjectSection
EndProject
Project("{8BC9CEB8-8B4A-11D0-8D11-00A0C91BC942}") = "tnet_server", "tnet_server.vcxproj", "{564E65BD-C203-DEB2-4BF8-D789B7ACD4B6}"
	ProjectSection(ProjectDependencies) = postProject
		{FBDB78FB-E77D-A3D1-D038-B725BC792A22} = {FBDB78FB-E77D-A3D1-D038-B725BC792A22}
	EndProjectSection
EndProject
Global
	GlobalSection(SolutionConfigurationPlatforms) = preSolution
		Debug|Win32 = Debug|Win32
		Release|Win32 = Release|Win32
	EndGlobalSection
	GlobalSection(ProjectConfigurationPlatforms) = postSolution
		{FBDB78FB-E77D-A3D1-D038-B725BC792A22}.Debug|Win32.ActiveCfg = Debug|Win32
		{FBDB78FB-E77D-A3D1-D038-B725BC792A22}.Debug|Win32.Build.0 = Debug|Win32
		{FBDB78FB-E77D-A3D1-D038-B725BC792A22}.Release|Win32.ActiveCfg = Release|Win32
		{FBDB78FB-E77D-A3D1-D038-B725BC792A22}.Release|Win32.Build.0 = Release|Win32
		{709A6D9C-5CFD-FC40-0583-35F7F1C4C8C3}.Debug|Win32.ActiveCfg = Debug|Win32
		{709A6D9C-5CFD-FC40-0583-35F7F1C4C8C3}.Debug|Win32.Build.0 = Debug|Win32
		{709A6D9C-5CFD-FC40-0583-35F7F1C4C8C3}.Release|Win32.ActiveCfg = Release|Win32
		{709A6D9C-5CFD-FC40-0583-35F7F1C4C8C3}.Release|Win32.Build.0 = Release|Win32
		{719A6D9C-5DFD-FC40-0683-35F7F2C4C8C3}.Debug|Win32.ActiveCfg = Debug|Win32
		{719A6D9C-5DFD-FC40-0683-35F7F2C4C8C3}.Debug|Win32.Build.0 = Debug|Win32
		{719A6D9C-5DFD-FC40-0683-35F7F2C4C8C3}.Release|Win32.ActiveCfg = Release|Win32
		{719A6D9C-5DFD-FC40-0683-35F7F2C4C8C3}.Release|Win32.Build.0 = Release|Win32
		{F5F57B0E-E1AD-BD5B-4AB5-96B7368C584C}.Debug|Win32.ActiveCfg = Debug|Win32
		{F5F57B0E-E1AD-BD5B-4AB5-96B7368C584C}.Debug|Win32.Build.0 = Debug|Win32
		{F5F57B0E-E1AD-BD5B-4AB5-96B7368C584C}.Release|Win32.ActiveCfg = Release|Win32
		{F5F57B0E-E1AD-BD5B-4AB5-96B7368C584C}.Release|Win32.Build.0 = Release|Win32
		{6475CD58-D035-498F-9970-920C05F08D6B}.Debug|Win32.ActiveCfg = Debug|Win32
		{6475CD58-D035-498F-9970-920C05F08D6B}.Debug|Win32.Build.0 = Debug|Win32
		{6475CD58-D035-498F-9970-920C05F08D6B}.Release|Win32.ActiveCfg = Release|Win32
		{6475CD58-D035-498F-9970-920C05F08D6B}.Release|Win32.Build.0 = Release|Win32
		{E7DEEBFC-D3AB-4608-FCC4-34B0E8F07B96}.Debug|Win32.ActiveCfg = Debug|Win32
		{E7DEEBFC-D3AB-4608-FCC4-34B0E8F07B96}.Debug|Win32.Build.0 = Debug|Win32
		{E7DEEBFC-D3AB-4608-FCC4-34B0E8F07B96}.Release|Win32.ActiveCfg = Release|Win32
		{E7DEEBFC-D3AB-4608-FCC4-34B0E8F07B96}.Release|Win32.Build.0 = Release|Win32
		{9AC7C8D7-067D-41CD-8F71-3BA4FB2538D1}.Debug|Win32.ActiveCfg = Debug|Win32
		{9AC7C8D7-067D-41CD-8F71-3BA4FB2538D1}.Debug|Win32.Build.0 = Debug|Win32
		{9AC7C8D7-067D-41CD-8F71-3BA4FB2538D1}.Release|Win32.ActiveCfg = Release|Win32
		{9AC7C8D7-067D-41CD-8F71-3BA4FB2538D1}.Release|Win32.Build.0 = Release|Win32
		{3E398C98-AAEE-048E-33E3-FE649F97FB91}.Debug|Win32.ActiveCfg = Debug|Win32
		{3E398C98-AAEE-048E-33E3-FE649F97FB91}.Debug|Win32.Build.0 = Debug|Win32
		{3E398C98-AAEE-048E-33E3-FE649F97FB91}.Release|Win32.ActiveCfg = Release|Win32
		{3E398C98-AAEE-048E-33E3-FE649F97FB91}.Release|Win32.Build.0 = Release|Win32
		{564E65BD-C203-DEB2-4BF8-D789B7ACD4B6}.Debug|Win32.ActiveCfg = Debug|Win32
		{564E65BD-C203-DEB2-4BF8-D789B7ACD4B6}.Debug|Win32.Build.0 = Debug|Win32
		{564E65BD-C203-DEB2-4BF8-D789B7ACD4B6}.Release|Win32.ActiveCfg = Release|Win32
		{564E65BD-C203-DEB2-4BF8-D789B7ACD4B6}.Release|Win32.Build.0 = Release|Win32
	EndGlobalSection
	GlobalSection(SolutionProperties) = preSolution
		HideSolutionNode = FALSE
	EndGlobalSection
	GlobalSection(NestedProjects) = preSolution
		{709A6D9C-5CFD-FC40-0583-35F7F1C4C8C3} = {E5CF2C19-D171-57EF-BA2C-6B43A66DDE3F}
		{719A6D9C-5DFD-FC40-0683-35F7F2C4C8C3} = {E5CF2C19-D171-57EF-BA2C-6B43A66DDE3F}
		{F5F57B0E-E1AD-BD5B-4AB5-96B7368C584C} = {E5CF2C19-D171-57EF-BA2C-6B43A66DDE3F}
		{6475CD58-D035-498F-9970-920C05F08D6B} = {E5CF2C19-D171-57EF-BA2C-6B43A66DDE3F}
		{E7DEEBFC-D3AB-4608-FCC4-34B0E8F07B96} = {65689E7C-519F-9F0D-FA8B-8510E6A11B0F}
		{9AC7C8D7-067D-41CD-8F71-3BA4FB2538D1} = {65689E7C-519F-9F0D-FA8B-8510E6A11B0F}
		{3E398C98-AAEE-048E-33E3-FE649F97FB91} = {65689E7C-519F-9F0D-FA8B-8510E6A11B0F}
		{564E65BD-C203-DEB2-4BF8-D789B7ACD4B6} = {65689E7C-519F-9F0D-FA8B-8510E6A11B0F}
	EndGlobalSection
EndGlobal
