<?xml version="1.0" encoding="utf-8"?>
<Project ToolsVersion="4.0" xmlns="http://schemas.microsoft.com/developer/msbuild/2003">
  <ItemGroup>
    <Filter Include="include">
      <UniqueIdentifier>{89AF369E-F58E-B539-FEA6-40106A051C9B}</UniqueIdentifier>
    </Filter>
    <Filter Include="src">
      <UniqueIdentifier>{2DAB880B-99B4-887C-2230-9F7C8E38947C}</UniqueIdentifier>
    </Filter>
  </ItemGroup>
  <ItemGroup>
    <ClInclude Include="..\engine\include\API.h">
      <Filter>include</Filter>
    </ClInclude>
    <ClInclude Include="..\engine\include\AcceptChannel.h">
      <Filter>include</Filter>
    </ClInclude>
    <ClInclude Include="..\engine\include\Algo.h">
      <Filter>include</Filter>
    </ClInclude>
    <ClInclude Include="..\engine\include\Application.h">
      <Filter>include</Filter>
    </ClInclude>
    <ClInclude Include="..\engine\include\AssetCache.h">
      <Filter>include</Filter>
    </ClInclude>
    <ClInclude Include="..\engine\include\Attribute.h">
      <Filter>include</Filter>
    </ClInclude>
    <ClInclude Include="..\engine\include\Bits.h">
      <Filter>include</Filter>
    </ClInclude>
    <ClInclude Include="..\engine\include\Buffer.h">
      <Filter>include</Filter>
    </ClInclude>
    <ClInclude Include="..\engine\include\CMath.h">
      <Filter>include</Filter>
    </ClInclude>
    <ClInclude Include="..\engine\include\CProcess.h">
      <Filter>include</Filter>
    </ClInclude>
    <ClInclude Include="..\engine\include\Camera.h">
      <Filter>include</Filter>
    </ClInclude>
    <ClInclude Include="..\engine\include\Canvas.h">
      <Filter>include</Filter>
    </ClInclude>
    <ClInclude Include="..\engine\include\Channel.h">
      <Filter>include</Filter>
    </ClInclude>
    <ClInclude Include="..\engine\include\Color.h">
      <Filter>include</Filter>
    </ClInclude>
    <ClInclude Include="..\engine\include\Component.h">
      <Filter>include</Filter>
    </ClInclude>
    <ClInclude Include="..\engine\include\Condition.h">
      <Filter>include</Filter>
    </ClInclude>
    <ClInclude Include="..\engine\include\Context.h">
      <Filter>include</Filter>
    </ClInclude>
    <ClInclude Include="..\engine\include\Delegate.h">
      <Filter>include</Filter>
    </ClInclude>
    <ClInclude Include="..\engine\include\Drawable.h">
      <Filter>include</Filter>
    </ClInclude>
    <ClInclude Include="..\engine\include\DynLib.h">
      <Filter>include</Filter>
    </ClInclude>
    <ClInclude Include="..\engine\include\Engine.h">
      <Filter>include</Filter>
    </ClInclude>
    <ClInclude Include="..\engine\include\Event.h">
      <Filter>include</Filter>
    </ClInclude>
    <ClInclude Include="..\engine\include\EventLoop.h">
      <Filter>include</Filter>
    </ClInclude>
    <ClInclude Include="..\engine\include\FourCC.h">
      <Filter>include</Filter>
    </ClInclude>
    <ClInclude Include="..\engine\include\Frustum.h">
      <Filter>include</Filter>
    </ClInclude>
    <ClInclude Include="..\engine\include\FuncTraits.h">
      <Filter>include</Filter>
    </ClInclude>
    <ClInclude Include="..\engine\include\Function.h">
      <Filter>include</Filter>
    </ClInclude>
    <ClInclude Include="..\engine\include\GpuBuffer.h">
      <Filter>include</Filter>
    </ClInclude>
    <ClInclude Include="..\engine\include\Graphics.h">
      <Filter>include</Filter>
    </ClInclude>
    <ClInclude Include="..\engine\include\IOOperation.h">
      <Filter>include</Filter>
    </ClInclude>
    <ClInclude Include="..\engine\include\List.h">
      <Filter>include</Filter>
    </ClInclude>
    <ClInclude Include="..\engine\include\Macro.h">
      <Filter>include</Filter>
    </ClInclude>
    <ClInclude Include="..\engine\include\Matrix4.h">
      <Filter>include</Filter>
    </ClInclude>
    <ClInclude Include="..\engine\include\Mutex.h">
      <Filter>include</Filter>
    </ClInclude>
    <ClInclude Include="..\engine\include\Object.h">
      <Filter>include</Filter>
    </ClInclude>
    <ClInclude Include="..\engine\include\Plane.h">
      <Filter>include</Filter>
    </ClInclude>
    <ClInclude Include="..\engine\include\Platform.h">
      <Filter>include</Filter>
    </ClInclude>
    <ClInclude Include="..\engine\include\Plugin.h">
      <Filter>include</Filter>
    </ClInclude>
    <ClInclude Include="..\engine\include\Poller.h">
      <Filter>include</Filter>
    </ClInclude>
    <ClInclude Include="..\engine\include\Quaternion.h">
      <Filter>include</Filter>
    </ClInclude>
    <ClInclude Include="..\engine\include\Range.h">
      <Filter>include</Filter>
    </ClInclude>
    <ClInclude Include="..\engine\include\Ray.h">
      <Filter>include</Filter>
    </ClInclude>
    <ClInclude Include="..\engine\include\Rect.h">
      <Filter>include</Filter>
    </ClInclude>
    <ClInclude Include="..\engine\include\Ref.h">
      <Filter>include</Filter>
    </ClInclude>
    <ClInclude Include="..\engine\include\RenderPath.h">
      <Filter>include</Filter>
    </ClInclude>
    <ClInclude Include="..\engine\include\Renderer.h">
      <Filter>include</Filter>
    </ClInclude>
    <ClInclude Include="..\engine\include\Rtti.h">
      <Filter>include</Filter>
    </ClInclude>
    <ClInclude Include="..\engine\include\Scene.h">
      <Filter>include</Filter>
    </ClInclude>
    <ClInclude Include="..\engine\include\Singleton.h">
      <Filter>include</Filter>
    </ClInclude>
    <ClInclude Include="..\engine\include\SmartPtr.h">
      <Filter>include</Filter>
    </ClInclude>
    <ClInclude Include="..\engine\include\Socket.h">
      <Filter>include</Filter>
    </ClInclude>
    <ClInclude Include="..\engine\include\SocketAddress.h">
      <Filter>include</Filter>
    </ClInclude>
    <ClInclude Include="..\engine\include\SocketChannel.h">
      <Filter>include</Filter>
    </ClInclude>
    <ClInclude Include="..\engine\include\StringPiece.h">
      <Filter>include</Filter>
    </ClInclude>
    <ClInclude Include="..\engine\include\StringUtil.h">
      <Filter>include</Filter>
    </ClInclude>
    <ClInclude Include="..\engine\include\SyncEvent.h">
      <Filter>include</Filter>
    </ClInclude>
    <ClInclude Include="..\engine\include\TcpServer.h">
      <Filter>include</Filter>
    </ClInclude>
    <ClInclude Include="..\engine\include\Texture.h">
      <Filter>include</Filter>
    </ClInclude>
    <ClInclude Include="..\engine\include\Thread.h">
      <Filter>include</Filter>
    </ClInclude>
    <ClInclude Include="..\engine\include\Traits.h">
      <Filter>include</Filter>
    </ClInclude>
    <ClInclude Include="..\engine\include\Transform.h">
      <Filter>include</Filter>
    </ClInclude>
    <ClInclude Include="..\engine\include\Tuple.h">
      <Filter>include</Filter>
    </ClInclude>
    <ClInclude Include="..\engine\include\Types.h">
      <Filter>include</Filter>
    </ClInclude>
    <ClInclude Include="..\engine\include\UIView.h">
      <Filter>include</Filter>
    </ClInclude>
    <ClInclude Include="..\engine\include\UIWidget.h">
      <Filter>include</Filter>
    </ClInclude>
    <ClInclude Include="..\engine\include\Util.h">
      <Filter>include</Filter>
    </ClInclude>
    <ClInclude Include="..\engine\include\Variant.h">
      <Filter>include</Filter>
    </ClInclude>
    <ClInclude Include="..\engine\include\Vector2.h">
      <Filter>include</Filter>
    </ClInclude>
    <ClInclude Include="..\engine\include\Vector3.h">
      <Filter>include</Filter>
    </ClInclude>
    <ClInclude Include="..\engine\include\Vector4.h">
      <Filter>include</Filter>
    </ClInclude>
    <ClInclude Include="..\engine\include\View.h">
      <Filter>include</Filter>
    </ClInclude>
    <ClInclude Include="..\engine\include\Window.h">
      <Filter>include</Filter>
    </ClInclude>
    <ClInclude Include="..\engine\include\WorkQueue.h">
      <Filter>include</Filter>
    </ClInclude>
  </ItemGroup>
  <ItemGroup>
    <ClCompile Include="..\engine\src\AcceptChannel.cpp">
      <Filter>src</Filter>
    </ClCompile>
    <ClCompile Include="..\engine\src\Application.cpp">
      <Filter>src</Filter>
    </ClCompile>
    <ClCompile Include="..\engine\src\AssetCache.cpp">
      <Filter>src</Filter>
    </ClCompile>
    <ClCompile Include="..\engine\src\CMath.cpp">
      <Filter>src</Filter>
    </ClCompile>
    <ClCompile Include="..\engine\src\CProcess.cpp">
      <Filter>src</Filter>
    </ClCompile>
    <ClCompile Include="..\engine\src\Camera.cpp">
      <Filter>src</Filter>
    </ClCompile>
    <ClCompile Include="..\engine\src\Channel.cpp">
      <Filter>src</Filter>
    </ClCompile>
    <ClCompile Include="..\engine\src\Color.cpp">
      <Filter>src</Filter>
    </ClCompile>
    <ClCompile Include="..\engine\src\Component.cpp">
      <Filter>src</Filter>
    </ClCompile>
    <ClCompile Include="..\engine\src\Condition.cpp">
      <Filter>src</Filter>
    </ClCompile>
    <ClCompile Include="..\engine\src\Context.cpp">
      <Filter>src</Filter>
    </ClCompile>
    <ClCompile Include="..\engine\src\Drawable.cpp">
      <Filter>src</Filter>
    </ClCompile>
    <ClCompile Include="..\engine\src\DynLib.cpp">
      <Filter>src</Filter>
    </ClCompile>
    <ClCompile Include="..\engine\src\Engine.cpp">
      <Filter>src</Filter>
    </ClCompile>
    <ClCompile Include="..\engine\src\EventLoop.cpp">
      <Filter>src</Filter>
    </ClCompile>
    <ClCompile Include="..\engine\src\Frustum.cpp">
      <Filter>src</Filter>
    </ClCompile>
    <ClCompile Include="..\engine\src\IOOperation.cpp">
      <Filter>src</Filter>
    </ClCompile>
    <ClCompile Include="..\engine\src\Matrix4.cpp">
      <Filter>src</Filter>
    </ClCompile>
    <ClCompile Include="..\engine\src\Mutex.cpp">
      <Filter>src</Filter>
    </ClCompile>
    <ClCompile Include="..\engine\src\Object.cpp">
      <Filter>src</Filter>
    </ClCompile>
    <ClCompile Include="..\engine\src\Plane.cpp">
      <Filter>src</Filter>
    </ClCompile>
    <ClCompile Include="..\engine\src\Poller.cpp">
      <Filter>src</Filter>
    </ClCompile>
    <ClCompile Include="..\engine\src\Quaternion.cpp">
      <Filter>src</Filter>
    </ClCompile>
    <ClCompile Include="..\engine\src\Ray.cpp">
      <Filter>src</Filter>
    </ClCompile>
    <ClCompile Include="..\engine\src\Ref.cpp">
      <Filter>src</Filter>
    </ClCompile>
    <ClCompile Include="..\engine\src\RenderPath.cpp">
      <Filter>src</Filter>
    </ClCompile>
    <ClCompile Include="..\engine\src\Rtti.cpp">
      <Filter>src</Filter>
    </ClCompile>
    <ClCompile Include="..\engine\src\Scene.cpp">
      <Filter>src</Filter>
    </ClCompile>
    <ClCompile Include="..\engine\src\Socket.cpp">
      <Filter>src</Filter>
    </ClCompile>
    <ClCompile Include="..\engine\src\SocketAddress.cpp">
      <Filter>src</Filter>
    </ClCompile>
    <ClCompile Include="..\engine\src\SocketChannel.cpp">
      <Filter>src</Filter>
    </ClCompile>
    <ClCompile Include="..\engine\src\StringPiece.cpp">
      <Filter>src</Filter>
    </ClCompile>
    <ClCompile Include="..\engine\src\StringUtil.cpp">
      <Filter>src</Filter>
    </ClCompile>
    <ClCompile Include="..\engine\src\SyncEvent.cpp">
      <Filter>src</Filter>
    </ClCompile>
    <ClCompile Include="..\engine\src\TcpServer.cpp">
      <Filter>src</Filter>
    </ClCompile>
    <ClCompile Include="..\engine\src\Thread.cpp">
      <Filter>src</Filter>
    </ClCompile>
    <ClCompile Include="..\engine\src\Transform.cpp">
      <Filter>src</Filter>
    </ClCompile>
    <ClCompile Include="..\engine\src\Types.cpp">
      <Filter>src</Filter>
    </ClCompile>
    <ClCompile Include="..\engine\src\Util.cpp">
      <Filter>src</Filter>
    </ClCompile>
    <ClCompile Include="..\engine\src\Variant.cpp">
      <Filter>src</Filter>
    </ClCompile>
    <ClCompile Include="..\engine\src\View.cpp">
      <Filter>src</Filter>
    </ClCompile>
    <ClCompile Include="..\engine\src\Window.cpp">
      <Filter>src</Filter>
    </ClCompile>
    <ClCompile Include="..\engine\src\WorkQueue.cpp">
      <Filter>src</Filter>
    </ClCompile>
  </ItemGroup>
</Project>