<?xml version="1.0" encoding="utf-8"?>
<Project ToolsVersion="4.0" xmlns="http://schemas.microsoft.com/developer/msbuild/2003">
  <ItemGroup>
    <Filter Include="core">
      <UniqueIdentifier>{4E40957C-3A77-960D-E363-7C10CF79120F}</UniqueIdentifier>
    </Filter>
    <Filter Include="engine">
      <UniqueIdentifier>{FBDB78FB-E77D-A3D1-D038-B725BC792A22}</UniqueIdentifier>
    </Filter>
    <Filter Include="engine">
      <UniqueIdentifier>{FBDB78FB-E77D-A3D1-D038-B725BC792A22}</UniqueIdentifier>
    </Filter>
    <Filter Include="engine\include">
      <UniqueIdentifier>{6ECEB398-5A9C-A79E-4330-18C52F9D8303}</UniqueIdentifier>
    </Filter>
    <Filter Include="engine\src">
      <UniqueIdentifier>{921F4884-7ED7-89D1-E7DE-622DD3B524C2}</UniqueIdentifier>
    </Filter>
    <Filter Include="external">
      <UniqueIdentifier>{2839F3DC-1406-4EE8-3D1F-3C90294B8376}</UniqueIdentifier>
    </Filter>
    <Filter Include="graphics">
      <UniqueIdentifier>{36EF08BC-22BC-63C7-4BD5-516F37019955}</UniqueIdentifier>
    </Filter>
    <Filter Include="math">
      <UniqueIdentifier>{CF809A7C-BBB7-9B0D-64A4-811050BA170F}</UniqueIdentifier>
    </Filter>
    <Filter Include="net">
      <UniqueIdentifier>{4C94880B-B89D-887C-4119-9F7CAD21947C}</UniqueIdentifier>
    </Filter>
    <Filter Include="render">
      <UniqueIdentifier>{E5CF2C19-D171-57EF-BA2C-6B43A66DDE3F}</UniqueIdentifier>
    </Filter>
    <Filter Include="ui">
      <UniqueIdentifier>{C3795900-AF05-880B-18B4-880B045F880B}</UniqueIdentifier>
    </Filter>
  </ItemGroup>
  <ItemGroup>
    <ClInclude Include="..\engine\include\AABox.h">
      <Filter>math</Filter>
    </ClInclude>
    <ClInclude Include="..\engine\include\API.h">
      <Filter>core</Filter>
    </ClInclude>
    <ClInclude Include="..\engine\include\AcceptChannel.h">
      <Filter>net</Filter>
    </ClInclude>
    <ClInclude Include="..\engine\include\Acceptor.h">
      <Filter>net</Filter>
    </ClInclude>
    <ClInclude Include="..\engine\include\Algo.h">
      <Filter>core</Filter>
    </ClInclude>
    <ClInclude Include="..\engine\include\Animatable.h">
      <Filter>render</Filter>
    </ClInclude>
    <ClInclude Include="..\engine\include\Animation.h">
      <Filter>render</Filter>
    </ClInclude>
    <ClInclude Include="..\engine\include\Animator.h">
      <Filter>render</Filter>
    </ClInclude>
    <ClInclude Include="..\engine\include\Application.h">
      <Filter>ui</Filter>
    </ClInclude>
    <ClInclude Include="..\engine\include\Archive.h">
      <Filter>core</Filter>
    </ClInclude>
    <ClInclude Include="..\engine\include\Array.h">
      <Filter>core</Filter>
    </ClInclude>
    <ClInclude Include="..\engine\include\Asset.h">
      <Filter>engine</Filter>
    </ClInclude>
    <ClInclude Include="..\engine\include\AssetCache.h">
      <Filter>engine</Filter>
    </ClInclude>
    <ClInclude Include="..\engine\include\Atomic.h">
      <Filter>core</Filter>
    </ClInclude>
    <ClInclude Include="..\engine\include\Attribute.h">
      <Filter>core</Filter>
    </ClInclude>
    <ClInclude Include="..\engine\include\Batch.h">
      <Filter>render</Filter>
    </ClInclude>
    <ClInclude Include="..\engine\include\Bits.h">
      <Filter>core</Filter>
    </ClInclude>
    <ClInclude Include="..\engine\include\Buffer.h">
      <Filter>core</Filter>
    </ClInclude>
    <ClInclude Include="..\engine\include\CMath.h">
      <Filter>math</Filter>
    </ClInclude>
    <ClInclude Include="..\engine\include\CProcess.h">
      <Filter>core</Filter>
    </ClInclude>
    <ClInclude Include="..\engine\include\Camera.h">
      <Filter>render</Filter>
    </ClInclude>
    <ClInclude Include="..\engine\include\Canvas.h">
      <Filter>render</Filter>
    </ClInclude>
    <ClInclude Include="..\engine\include\Channel.h">
      <Filter>net</Filter>
    </ClInclude>
    <ClInclude Include="..\engine\include\Color.h">
      <Filter>graphics</Filter>
    </ClInclude>
    <ClInclude Include="..\engine\include\Component.h">
      <Filter>render</Filter>
    </ClInclude>
    <ClInclude Include="..\engine\include\Condition.h">
      <Filter>core</Filter>
    </ClInclude>
    <ClInclude Include="..\engine\include\Config.h">
      <Filter>core</Filter>
    </ClInclude>
    <ClInclude Include="..\engine\include\Console.h">
      <Filter>core</Filter>
    </ClInclude>
    <ClInclude Include="..\engine\include\Context.h">
      <Filter>engine</Filter>
    </ClInclude>
    <ClInclude Include="..\engine\include\Convert.h">
      <Filter>core</Filter>
    </ClInclude>
    <ClInclude Include="..\engine\include\Delegate.h">
      <Filter>core</Filter>
    </ClInclude>
    <ClInclude Include="..\engine\include\Drawable.h">
      <Filter>render</Filter>
    </ClInclude>
    <ClInclude Include="..\engine\include\DynLib.h">
      <Filter>core</Filter>
    </ClInclude>
    <ClInclude Include="..\engine\include\Engine.h">
      <Filter>engine</Filter>
    </ClInclude>
    <ClInclude Include="..\engine\include\Entity.h">
      <Filter>render</Filter>
    </ClInclude>
    <ClInclude Include="..\engine\include\Event.h">
      <Filter>engine</Filter>
    </ClInclude>
    <ClInclude Include="..\engine\include\File.h">
      <Filter>core</Filter>
    </ClInclude>
    <ClInclude Include="..\engine\include\FourCC.h">
      <Filter>core</Filter>
    </ClInclude>
    <ClInclude Include="..\engine\include\Frustum.h">
      <Filter>math</Filter>
    </ClInclude>
    <ClInclude Include="..\engine\include\FuncTraits.h">
      <Filter>core</Filter>
    </ClInclude>
    <ClInclude Include="..\engine\include\Function.h">
      <Filter>core</Filter>
    </ClInclude>
    <ClInclude Include="..\engine\include\Geometry.h">
      <Filter>render</Filter>
    </ClInclude>
    <ClInclude Include="..\engine\include\Graphics.h">
      <Filter>graphics</Filter>
    </ClInclude>
    <ClInclude Include="..\engine\include\GraphicsDefs.h">
      <Filter>graphics</Filter>
    </ClInclude>
    <ClInclude Include="..\engine\include\GraphicsDesc.h">
      <Filter>graphics</Filter>
    </ClInclude>
    <ClInclude Include="..\engine\include\HandlerMgr.h">
      <Filter>net</Filter>
    </ClInclude>
    <ClInclude Include="..\engine\include\IOOperation.h">
      <Filter>net</Filter>
    </ClInclude>
    <ClInclude Include="..\engine\include\IOService.h">
      <Filter>net</Filter>
    </ClInclude>
    <ClInclude Include="..\engine\include\IOServicePool.h">
      <Filter>net</Filter>
    </ClInclude>
    <ClInclude Include="..\engine\include\KeyedVector.h">
      <Filter>engine\include</Filter>
    </ClInclude>
    <ClInclude Include="..\engine\include\Light.h">
      <Filter>render</Filter>
    </ClInclude>
    <ClInclude Include="..\engine\include\List.h">
      <Filter>core</Filter>
    </ClInclude>
    <ClInclude Include="..\engine\include\Log.h">
      <Filter>core</Filter>
    </ClInclude>
    <ClInclude Include="..\engine\include\LogChannel.h">
      <Filter>core</Filter>
    </ClInclude>
    <ClInclude Include="..\engine\include\Macro.h">
      <Filter>core</Filter>
    </ClInclude>
    <ClInclude Include="..\engine\include\Material.h">
      <Filter>render</Filter>
    </ClInclude>
    <ClInclude Include="..\engine\include\Matrix3.h">
      <Filter>math</Filter>
    </ClInclude>
    <ClInclude Include="..\engine\include\Matrix3x4.h">
      <Filter>math</Filter>
    </ClInclude>
    <ClInclude Include="..\engine\include\Matrix4.h">
      <Filter>math</Filter>
    </ClInclude>
    <ClInclude Include="..\engine\include\Model.h">
      <Filter>render</Filter>
    </ClInclude>
    <ClInclude Include="..\engine\include\ModelRender.h">
      <Filter>render</Filter>
    </ClInclude>
    <ClInclude Include="..\engine\include\Mutex.h">
      <Filter>core</Filter>
    </ClInclude>
    <ClInclude Include="..\engine\include\NetEvent.h">
      <Filter>net</Filter>
    </ClInclude>
    <ClInclude Include="..\engine\include\NetService.h">
      <Filter>net</Filter>
    </ClInclude>
    <ClInclude Include="..\engine\include\Object.h">
      <Filter>engine</Filter>
    </ClInclude>
    <ClInclude Include="..\engine\include\Occlusion.h">
      <Filter>render</Filter>
    </ClInclude>
    <ClInclude Include="..\engine\include\Octree.h">
      <Filter>render</Filter>
    </ClInclude>
    <ClInclude Include="..\engine\include\OctreeQuery.h">
      <Filter>render</Filter>
    </ClInclude>
    <ClInclude Include="..\engine\include\Packet.h">
      <Filter>net</Filter>
    </ClInclude>
    <ClInclude Include="..\engine\include\PixelFormat.h">
      <Filter>graphics</Filter>
    </ClInclude>
    <ClInclude Include="..\engine\include\Plane.h">
      <Filter>math</Filter>
    </ClInclude>
    <ClInclude Include="..\engine\include\Platform.h">
      <Filter>core</Filter>
    </ClInclude>
    <ClInclude Include="..\engine\include\PlayController.h">
      <Filter>render</Filter>
    </ClInclude>
    <ClInclude Include="..\engine\include\Playable.h">
      <Filter>render</Filter>
    </ClInclude>
    <ClInclude Include="..\engine\include\Plugin.h">
      <Filter>engine</Filter>
    </ClInclude>
    <ClInclude Include="..\engine\include\Poller.h">
      <Filter>net</Filter>
    </ClInclude>
    <ClInclude Include="..\engine\include\Predeclare.h">
      <Filter>core</Filter>
    </ClInclude>
    <ClInclude Include="..\engine\include\Profiler.h">
      <Filter>core</Filter>
    </ClInclude>
    <ClInclude Include="..\engine\include\Protocol.h">
      <Filter>net</Filter>
    </ClInclude>
    <ClInclude Include="..\engine\include\ProxyChannel.h">
      <Filter>engine\include</Filter>
    </ClInclude>
    <ClInclude Include="..\engine\include\Quaternion.h">
      <Filter>math</Filter>
    </ClInclude>
    <ClInclude Include="..\engine\include\Range.h">
      <Filter>core</Filter>
    </ClInclude>
    <ClInclude Include="..\engine\include\Ray.h">
      <Filter>math</Filter>
    </ClInclude>
    <ClInclude Include="..\engine\include\Rect.h">
      <Filter>math</Filter>
    </ClInclude>
    <ClInclude Include="..\engine\include\Ref.h">
      <Filter>core</Filter>
    </ClInclude>
    <ClInclude Include="..\engine\include\RenderPath.h">
      <Filter>render</Filter>
    </ClInclude>
    <ClInclude Include="..\engine\include\Renderer.h">
      <Filter>render</Filter>
    </ClInclude>
    <ClInclude Include="..\engine\include\Rtti.h">
      <Filter>core</Filter>
    </ClInclude>
    <ClInclude Include="..\engine\include\SceneManager.h">
      <Filter>render</Filter>
    </ClInclude>
    <ClInclude Include="..\engine\include\Session.h">
      <Filter>net</Filter>
    </ClInclude>
    <ClInclude Include="..\engine\include\Shader.h">
      <Filter>render</Filter>
    </ClInclude>
    <ClInclude Include="..\engine\include\Singleton.h">
      <Filter>core</Filter>
    </ClInclude>
    <ClInclude Include="..\engine\include\Skeleton.h">
      <Filter>render</Filter>
    </ClInclude>
    <ClInclude Include="..\engine\include\SmartPtr.h">
      <Filter>core</Filter>
    </ClInclude>
    <ClInclude Include="..\engine\include\Socket.h">
      <Filter>net</Filter>
    </ClInclude>
    <ClInclude Include="..\engine\include\SocketAddress.h">
      <Filter>net</Filter>
    </ClInclude>
    <ClInclude Include="..\engine\include\SocketChannel.h">
      <Filter>net</Filter>
    </ClInclude>
    <ClInclude Include="..\engine\include\SortedVector.h">
      <Filter>engine\include</Filter>
    </ClInclude>
    <ClInclude Include="..\engine\include\Sphere.h">
      <Filter>math</Filter>
    </ClInclude>
    <ClInclude Include="..\engine\include\Stream.h">
      <Filter>core</Filter>
    </ClInclude>
    <ClInclude Include="..\engine\include\StringPiece.h">
      <Filter>core</Filter>
    </ClInclude>
    <ClInclude Include="..\engine\include\SyncEvent.h">
      <Filter>core</Filter>
    </ClInclude>
    <ClInclude Include="..\engine\include\Table.h">
      <Filter>core</Filter>
    </ClInclude>
    <ClInclude Include="..\engine\include\Thread.h">
      <Filter>core</Filter>
    </ClInclude>
    <ClInclude Include="..\engine\include\Traits.h">
      <Filter>core</Filter>
    </ClInclude>
    <ClInclude Include="..\engine\include\Transform.h">
      <Filter>render</Filter>
    </ClInclude>
    <ClInclude Include="..\engine\include\Tree.h">
      <Filter>core</Filter>
    </ClInclude>
    <ClInclude Include="..\engine\include\Tuple.h">
      <Filter>core</Filter>
    </ClInclude>
    <ClInclude Include="..\engine\include\Types.h">
      <Filter>core</Filter>
    </ClInclude>
    <ClInclude Include="..\engine\include\UIView.h">
      <Filter>ui</Filter>
    </ClInclude>
    <ClInclude Include="..\engine\include\UIWidget.h">
      <Filter>ui</Filter>
    </ClInclude>
    <ClInclude Include="..\engine\include\Util.h">
      <Filter>core</Filter>
    </ClInclude>
    <ClInclude Include="..\engine\include\Variant.h">
      <Filter>core</Filter>
    </ClInclude>
    <ClInclude Include="..\engine\include\Vector2.h">
      <Filter>math</Filter>
    </ClInclude>
    <ClInclude Include="..\engine\include\Vector3.h">
      <Filter>math</Filter>
    </ClInclude>
    <ClInclude Include="..\engine\include\Vector4.h">
      <Filter>math</Filter>
    </ClInclude>
    <ClInclude Include="..\engine\include\VertexLayout.h">
      <Filter>graphics</Filter>
    </ClInclude>
    <ClInclude Include="..\engine\include\View.h">
      <Filter>render</Filter>
    </ClInclude>
    <ClInclude Include="..\engine\include\Window.h">
      <Filter>ui</Filter>
    </ClInclude>
    <ClInclude Include="..\engine\include\WorkQueue.h">
      <Filter>engine</Filter>
    </ClInclude>
    <ClInclude Include="..\engine\include\XMLFile.h">
      <Filter>core</Filter>
    </ClInclude>
    <ClInclude Include="..\engine\src\xml\pugiconfig.hpp">
      <Filter>external</Filter>
    </ClInclude>
    <ClInclude Include="..\engine\src\xml\pugixml.hpp">
      <Filter>external</Filter>
    </ClInclude>
  </ItemGroup>
  <ItemGroup>
    <ClCompile Include="..\engine\src\AABox.cpp">
      <Filter>math</Filter>
    </ClCompile>
    <ClCompile Include="..\engine\src\AcceptChannel.cpp">
      <Filter>net</Filter>
    </ClCompile>
    <ClCompile Include="..\engine\src\Acceptor.cpp">
      <Filter>net</Filter>
    </ClCompile>
    <ClCompile Include="..\engine\src\Animatable.cpp">
      <Filter>render</Filter>
    </ClCompile>
    <ClCompile Include="..\engine\src\Animation.cpp">
      <Filter>render</Filter>
    </ClCompile>
    <ClCompile Include="..\engine\src\Animator.cpp">
      <Filter>render</Filter>
    </ClCompile>
    <ClCompile Include="..\engine\src\Application.cpp">
      <Filter>ui</Filter>
    </ClCompile>
    <ClCompile Include="..\engine\src\AssetCache.cpp">
      <Filter>engine</Filter>
    </ClCompile>
    <ClCompile Include="..\engine\src\Batch.cpp">
      <Filter>render</Filter>
    </ClCompile>
    <ClCompile Include="..\engine\src\Buffer.cpp">
      <Filter>core</Filter>
    </ClCompile>
    <ClCompile Include="..\engine\src\CMath.cpp">
      <Filter>math</Filter>
    </ClCompile>
    <ClCompile Include="..\engine\src\CProcess.cpp">
      <Filter>core</Filter>
    </ClCompile>
    <ClCompile Include="..\engine\src\Camera.cpp">
      <Filter>render</Filter>
    </ClCompile>
    <ClCompile Include="..\engine\src\Canvas.cpp">
      <Filter>render</Filter>
    </ClCompile>
    <ClCompile Include="..\engine\src\Channel.cpp">
      <Filter>net</Filter>
    </ClCompile>
    <ClCompile Include="..\engine\src\Color.cpp">
      <Filter>graphics</Filter>
    </ClCompile>
    <ClCompile Include="..\engine\src\Component.cpp">
      <Filter>render</Filter>
    </ClCompile>
    <ClCompile Include="..\engine\src\Condition.cpp">
      <Filter>core</Filter>
    </ClCompile>
    <ClCompile Include="..\engine\src\Config.cpp">
      <Filter>core</Filter>
    </ClCompile>
    <ClCompile Include="..\engine\src\Console.cpp">
      <Filter>core</Filter>
    </ClCompile>
    <ClCompile Include="..\engine\src\Context.cpp">
      <Filter>engine</Filter>
    </ClCompile>
    <ClCompile Include="..\engine\src\Convert.cpp">
      <Filter>core</Filter>
    </ClCompile>
    <ClCompile Include="..\engine\src\Drawable.cpp">
      <Filter>render</Filter>
    </ClCompile>
    <ClCompile Include="..\engine\src\DynLib.cpp">
      <Filter>core</Filter>
    </ClCompile>
    <ClCompile Include="..\engine\src\Engine.cpp">
      <Filter>engine</Filter>
    </ClCompile>
    <ClCompile Include="..\engine\src\Entity.cpp">
      <Filter>render</Filter>
    </ClCompile>
    <ClCompile Include="..\engine\src\File.cpp">
      <Filter>core</Filter>
    </ClCompile>
    <ClCompile Include="..\engine\src\Frustum.cpp">
      <Filter>math</Filter>
    </ClCompile>
    <ClCompile Include="..\engine\src\Geometry.cpp">
      <Filter>render</Filter>
    </ClCompile>
    <ClCompile Include="..\engine\src\Graphics.cpp">
      <Filter>graphics</Filter>
    </ClCompile>
    <ClCompile Include="..\engine\src\GraphicsDesc.cpp">
      <Filter>graphics</Filter>
    </ClCompile>
    <ClCompile Include="..\engine\src\HandlerMgr.cpp">
      <Filter>net</Filter>
    </ClCompile>
    <ClCompile Include="..\engine\src\IOOperation.cpp">
      <Filter>net</Filter>
    </ClCompile>
    <ClCompile Include="..\engine\src\IOService.cpp">
      <Filter>net</Filter>
    </ClCompile>
    <ClCompile Include="..\engine\src\IOServicePool.cpp">
      <Filter>net</Filter>
    </ClCompile>
    <ClCompile Include="..\engine\src\Light.cpp">
      <Filter>render</Filter>
    </ClCompile>
    <ClCompile Include="..\engine\src\Log.cpp">
      <Filter>core</Filter>
    </ClCompile>
    <ClCompile Include="..\engine\src\LogChannel.cpp">
      <Filter>core</Filter>
    </ClCompile>
    <ClCompile Include="..\engine\src\Material.cpp">
      <Filter>render</Filter>
    </ClCompile>
    <ClCompile Include="..\engine\src\Matrix3.cpp">
      <Filter>math</Filter>
    </ClCompile>
    <ClCompile Include="..\engine\src\Matrix3x4.cpp">
      <Filter>math</Filter>
    </ClCompile>
    <ClCompile Include="..\engine\src\Matrix4.cpp">
      <Filter>math</Filter>
    </ClCompile>
    <ClCompile Include="..\engine\src\Model.cpp">
      <Filter>render</Filter>
    </ClCompile>
    <ClCompile Include="..\engine\src\ModelRender.cpp">
      <Filter>render</Filter>
    </ClCompile>
    <ClCompile Include="..\engine\src\Mutex.cpp">
      <Filter>core</Filter>
    </ClCompile>
    <ClCompile Include="..\engine\src\NetEvent.cpp">
      <Filter>net</Filter>
    </ClCompile>
    <ClCompile Include="..\engine\src\NetService.cpp">
      <Filter>net</Filter>
    </ClCompile>
    <ClCompile Include="..\engine\src\Object.cpp">
      <Filter>engine</Filter>
    </ClCompile>
    <ClCompile Include="..\engine\src\Occlusion.cpp">
      <Filter>render</Filter>
    </ClCompile>
    <ClCompile Include="..\engine\src\Octree.cpp">
      <Filter>render</Filter>
    </ClCompile>
    <ClCompile Include="..\engine\src\Packet.cpp">
      <Filter>net</Filter>
    </ClCompile>
    <ClCompile Include="..\engine\src\PixelFormat.cpp">
      <Filter>graphics</Filter>
    </ClCompile>
    <ClCompile Include="..\engine\src\Plane.cpp">
      <Filter>math</Filter>
    </ClCompile>
    <ClCompile Include="..\engine\src\PlayController.cpp">
      <Filter>render</Filter>
    </ClCompile>
    <ClCompile Include="..\engine\src\Playable.cpp">
      <Filter>render</Filter>
    </ClCompile>
    <ClCompile Include="..\engine\src\Poller.cpp">
      <Filter>net</Filter>
    </ClCompile>
    <ClCompile Include="..\engine\src\Profiler.cpp">
      <Filter>core</Filter>
    </ClCompile>
    <ClCompile Include="..\engine\src\Protocol.cpp">
      <Filter>net</Filter>
    </ClCompile>
    <ClCompile Include="..\engine\src\ProxyChannel.cpp">
      <Filter>engine\src</Filter>
    </ClCompile>
    <ClCompile Include="..\engine\src\Quaternion.cpp">
      <Filter>math</Filter>
    </ClCompile>
    <ClCompile Include="..\engine\src\Ray.cpp">
      <Filter>math</Filter>
    </ClCompile>
    <ClCompile Include="..\engine\src\Ref.cpp">
      <Filter>core</Filter>
    </ClCompile>
    <ClCompile Include="..\engine\src\RenderPath.cpp">
      <Filter>render</Filter>
    </ClCompile>
    <ClCompile Include="..\engine\src\Renderer.cpp">
      <Filter>render</Filter>
    </ClCompile>
    <ClCompile Include="..\engine\src\Rtti.cpp">
      <Filter>core</Filter>
    </ClCompile>
    <ClCompile Include="..\engine\src\SceneManager.cpp">
      <Filter>render</Filter>
    </ClCompile>
    <ClCompile Include="..\engine\src\Session.cpp">
      <Filter>net</Filter>
    </ClCompile>
    <ClCompile Include="..\engine\src\Shader.cpp">
      <Filter>render</Filter>
    </ClCompile>
    <ClCompile Include="..\engine\src\Skeleton.cpp">
      <Filter>render</Filter>
    </ClCompile>
    <ClCompile Include="..\engine\src\Socket.cpp">
      <Filter>net</Filter>
    </ClCompile>
    <ClCompile Include="..\engine\src\SocketAddress.cpp">
      <Filter>net</Filter>
    </ClCompile>
    <ClCompile Include="..\engine\src\SocketChannel.cpp">
      <Filter>net</Filter>
    </ClCompile>
    <ClCompile Include="..\engine\src\Sphere.cpp">
      <Filter>math</Filter>
    </ClCompile>
    <ClCompile Include="..\engine\src\Stream.cpp">
      <Filter>core</Filter>
    </ClCompile>
    <ClCompile Include="..\engine\src\StringPiece.cpp">
      <Filter>core</Filter>
    </ClCompile>
    <ClCompile Include="..\engine\src\SyncEvent.cpp">
      <Filter>core</Filter>
    </ClCompile>
    <ClCompile Include="..\engine\src\Table.cpp">
      <Filter>core</Filter>
    </ClCompile>
    <ClCompile Include="..\engine\src\Thread.cpp">
      <Filter>core</Filter>
    </ClCompile>
    <ClCompile Include="..\engine\src\Transform.cpp">
      <Filter>render</Filter>
    </ClCompile>
    <ClCompile Include="..\engine\src\Types.cpp">
      <Filter>core</Filter>
    </ClCompile>
    <ClCompile Include="..\engine\src\Util.cpp">
      <Filter>core</Filter>
    </ClCompile>
    <ClCompile Include="..\engine\src\Variant.cpp">
      <Filter>core</Filter>
    </ClCompile>
    <ClCompile Include="..\engine\src\VertexLayout.cpp">
      <Filter>graphics</Filter>
    </ClCompile>
    <ClCompile Include="..\engine\src\View.cpp">
      <Filter>render</Filter>
    </ClCompile>
    <ClCompile Include="..\engine\src\Window.cpp">
      <Filter>ui</Filter>
    </ClCompile>
    <ClCompile Include="..\engine\src\WorkQueue.cpp">
      <Filter>engine</Filter>
    </ClCompile>
    <ClCompile Include="..\engine\src\XMLFile.cpp">
      <Filter>core</Filter>
    </ClCompile>
    <ClCompile Include="..\engine\src\xml\pugixml.cpp">
      <Filter>external</Filter>
    </ClCompile>
  </ItemGroup>
</Project>