<?xml version="1.0" encoding="utf-8"?>
<Project ToolsVersion="4.0" xmlns="http://schemas.microsoft.com/developer/msbuild/2003">
  <ItemGroup>
    <Filter Include="glew">
      <UniqueIdentifier>{7463977C-609A-980D-0987-7E10F59C140F}</UniqueIdentifier>
    </Filter>
    <Filter Include="src">
      <UniqueIdentifier>{2DAB880B-99B4-887C-2230-9F7C8E38947C}</UniqueIdentifier>
    </Filter>
  </ItemGroup>
  <ItemGroup>
    <ClInclude Include="..\plugins\render_ogl\OGL_API.h">
      <Filter>src</Filter>
    </ClInclude>
    <ClInclude Include="..\plugins\render_ogl\OGL_Buffer.h">
      <Filter>src</Filter>
    </ClInclude>
    <ClInclude Include="..\plugins\render_ogl\OGL_CommandBuffer.h">
      <Filter>src</Filter>
    </ClInclude>
    <ClInclude Include="..\plugins\render_ogl\OGL_DescriptorSet.h">
      <Filter>src</Filter>
    </ClInclude>
    <ClInclude Include="..\plugins\render_ogl\OGL_Device.h">
      <Filter>src</Filter>
    </ClInclude>
    <ClInclude Include="..\plugins\render_ogl\OGL_FrameBuffer.h">
      <Filter>src</Filter>
    </ClInclude>
    <ClInclude Include="..\plugins\render_ogl\OGL_Mapping.h">
      <Filter>src</Filter>
    </ClInclude>
    <ClInclude Include="..\plugins\render_ogl\OGL_Pipeline.h">
      <Filter>src</Filter>
    </ClInclude>
    <ClInclude Include="..\plugins\render_ogl\OGL_Plugin.h">
      <Filter>src</Filter>
    </ClInclude>
    <ClInclude Include="..\plugins\render_ogl\OGL_Program.h">
      <Filter>src</Filter>
    </ClInclude>
    <ClInclude Include="..\plugins\render_ogl\OGL_RenderTexture.h">
      <Filter>src</Filter>
    </ClInclude>
    <ClInclude Include="..\plugins\render_ogl\OGL_RenderWindow.h">
      <Filter>src</Filter>
    </ClInclude>
    <ClInclude Include="..\plugins\render_ogl\OGL_Texture.h">
      <Filter>src</Filter>
    </ClInclude>
    <ClInclude Include="..\plugins\render_ogl\OGL_VertexLayout.h">
      <Filter>src</Filter>
    </ClInclude>
    <ClInclude Include="..\plugins\render_ogl\glew\include\GL\glew.h">
      <Filter>glew</Filter>
    </ClInclude>
    <ClInclude Include="..\plugins\render_ogl\glew\include\GL\glxew.h">
      <Filter>glew</Filter>
    </ClInclude>
    <ClInclude Include="..\plugins\render_ogl\glew\include\GL\wglew.h">
      <Filter>glew</Filter>
    </ClInclude>
  </ItemGroup>
  <ItemGroup>
    <ClCompile Include="..\plugins\render_ogl\OGL_Buffer.cpp">
      <Filter>src</Filter>
    </ClCompile>
    <ClCompile Include="..\plugins\render_ogl\OGL_CommandBuffer.cpp">
      <Filter>src</Filter>
    </ClCompile>
    <ClCompile Include="..\plugins\render_ogl\OGL_DescriptorSet.cpp">
      <Filter>src</Filter>
    </ClCompile>
    <ClCompile Include="..\plugins\render_ogl\OGL_Device.cpp">
      <Filter>src</Filter>
    </ClCompile>
    <ClCompile Include="..\plugins\render_ogl\OGL_FrameBuffer.cpp">
      <Filter>src</Filter>
    </ClCompile>
    <ClCompile Include="..\plugins\render_ogl\OGL_Mapping.cpp">
      <Filter>src</Filter>
    </ClCompile>
    <ClCompile Include="..\plugins\render_ogl\OGL_Pipeline.cpp">
      <Filter>src</Filter>
    </ClCompile>
    <ClCompile Include="..\plugins\render_ogl\OGL_Plugin.cpp">
      <Filter>src</Filter>
    </ClCompile>
    <ClCompile Include="..\plugins\render_ogl\OGL_Program.cpp">
      <Filter>src</Filter>
    </ClCompile>
    <ClCompile Include="..\plugins\render_ogl\OGL_RenderTexture.cpp">
      <Filter>src</Filter>
    </ClCompile>
    <ClCompile Include="..\plugins\render_ogl\OGL_RenderWindow.cpp">
      <Filter>src</Filter>
    </ClCompile>
    <ClCompile Include="..\plugins\render_ogl\OGL_Texture.cpp">
      <Filter>src</Filter>
    </ClCompile>
    <ClCompile Include="..\plugins\render_ogl\OGL_VertexLayout.cpp">
      <Filter>src</Filter>
    </ClCompile>
    <ClCompile Include="..\plugins\render_ogl\glew\src\glew.c">
      <Filter>glew</Filter>
    </ClCompile>
  </ItemGroup>
</Project>